
Microsoft Visual Studio Solution File, Format Version 12.00
# Visual Studio Version 17
VisualStudioVersion = 17.7.34202.233
MinimumVisualStudioVersion = 10.0.40219.1
Project("{FAE04EC0-301F-11D3-BF4B-00C04F79EFBC}") = "SchoolManagementSystem", "SchoolManagementSystem\SchoolManagementSystem.csproj", "{82BBF8CB-32CF-4596-B5A2-672B447F9B5C}"
	ProjectSection(ProjectDependencies) = postProject
		{04ABFBD2-E14C-4629-A088-64C1DFBE19D2} = {04ABFBD2-E14C-4629-A088-64C1DFBE19D2}
	EndProjectSection
EndProject
Project("{FAE04EC0-301F-11D3-BF4B-00C04F79EFBC}") = "SchoolLibrary", "SchoolLibrary\SchoolLibrary.csproj", "{04ABFBD2-E14C-4629-A088-64C1DFBE19D2}"
EndProject
Global
	GlobalSection(SolutionConfigurationPlatforms) = preSolution
		Debug|Any CPU = Debug|Any CPU
		Release|Any CPU = Release|Any CPU
	EndGlobalSection
	GlobalSection(ProjectConfigurationPlatforms) = postSolution
		{82BBF8CB-32CF-4596-B5A2-672B447F9B5C}.Debug|Any CPU.ActiveCfg = Debug|Any CPU
		{82BBF8CB-32CF-4596-B5A2-672B447F9B5C}.Debug|Any CPU.Build.0 = Debug|Any CPU
		{82BBF8CB-32CF-4596-B5A2-672B447F9B5C}.Release|Any CPU.ActiveCfg = Release|Any CPU
		{82BBF8CB-32CF-4596-B5A2-672B447F9B5C}.Release|Any CPU.Build.0 = Release|Any CPU
		{04ABFBD2-E14C-4629-A088-64C1DFBE19D2}.Debug|Any CPU.ActiveCfg = Debug|Any CPU
		{04ABFBD2-E14C-4629-A088-64C1DFBE19D2}.Debug|Any CPU.Build.0 = Debug|Any CPU
		{04ABFBD2-E14C-4629-A088-64C1DFBE19D2}.Release|Any CPU.ActiveCfg = Release|Any CPU
		{04ABFBD2-E14C-4629-A088-64C1DFBE19D2}.Release|Any CPU.Build.0 = Release|Any CPU
	EndGlobalSection
	GlobalSection(SolutionProperties) = preSolution
		HideSolutionNode = FALSE
	EndGlobalSection
	GlobalSection(ExtensibilityGlobals) = postSolution
		SolutionGuid = {133F340F-5188-4AC6-ADF4-E14FD83665F1}
	EndGlobalSection
EndGlobal
